
Microsoft Visual Studio Solution File, Format Version 12.00
# Visual Studio Version 17
VisualStudioVersion = 17.11.35222.181
MinimumVisualStudioVersion = 10.0.40219.1
Project("{2150E333-8FDC-42A3-9474-1A3956D46DE8}") = "Task0", "Task0", "{9D13E4FD-7A07-4A8E-88FF-51F8E1A7F550}"
EndProject
Project("{9A19103F-16F7-4668-BE54-9A1E7A4F7556}") = "Tyuiu.MolodchikovEE.Sprint0.Task0.V1", "Tyuiu.MolodchikovEE.Sprint0.Task0.V1\Tyuiu.MolodchikovEE.Sprint0.Task0.V1.csproj", "{B229088E-8C71-4A1D-9081-128BE9D80D31}"
EndProject
Project("{2150E333-8FDC-42A3-9474-1A3956D46DE8}") = "Task1", "Task1", "{5998B092-76B5-4E68-9CF5-1923C1603B9E}"
EndProject
Project("{9A19103F-16F7-4668-BE54-9A1E7A4F7556}") = "Tyuiu.MolodchikovEE.Sprint0.Task1.V0", "Tyuiu.MolodchikovEE.Sprint0.Task1.V0\Tyuiu.MolodchikovEE.Sprint0.Task1.V0.csproj", "{84F3011D-2D8A-4CE3-ABD6-59EEA3F65489}"
EndProject
Project("{2150E333-8FDC-42A3-9474-1A3956D46DE8}") = "Task2", "Task2", "{7CFB8897-BF0D-4EEE-B818-1ADEB4D7729A}"
EndProject
Project("{9A19103F-16F7-4668-BE54-9A1E7A4F7556}") = "Tyuiu.MolodchikovEE.Sprint0.Task2.V0", "Tyuiu.MolodchikovEE.Sprint0.Task2.V0\Tyuiu.MolodchikovEE.Sprint0.Task2.V0.csproj", "{594477A9-055B-4845-ACEE-08CCCDFB432B}"
EndProject
Project("{9A19103F-16F7-4668-BE54-9A1E7A4F7556}") = "Tyuiu.MolodchikovEE.Sprint0.Task2.V0.Lib", "Tyuiu.MolodchikovEE.Sprint0.Task2.V0.Lib\Tyuiu.MolodchikovEE.Sprint0.Task2.V0.Lib.csproj", "{E0944886-8140-4B63-8070-7D02B972B366}"
EndProject
Project("{9A19103F-16F7-4668-BE54-9A1E7A4F7556}") = "Tyuiu.MolodchikovEE.Sprint0.Task2.V0.Test", "Tyuiu.MolodchikovEE.Sprint0.Task2.V0.Test\Tyuiu.MolodchikovEE.Sprint0.Task2.V0.Test.csproj", "{0DDFC6D7-CFBD-414C-AA80-FB768D8AAB39}"
EndProject
Project("{2150E333-8FDC-42A3-9474-1A3956D46DE8}") = "Task3", "Task3", "{7037B1F0-5E69-43DE-A717-CF9BCB295832}"
EndProject
Project("{FAE04EC0-301F-11D3-BF4B-00C04F79EFBC}") = "Tyuiu.MolodchikovEE.Sprint0.Task3.V0", "Tyuiu.MolodchikovEE.Sprint0.Task3.V0\Tyuiu.MolodchikovEE.Sprint0.Task3.V0.csproj", "{B7BE8969-6FDD-480F-ACBB-460388FEA408}"
EndProject
Project("{FAE04EC0-301F-11D3-BF4B-00C04F79EFBC}") = "Tyuiu.MolodchikovEE.Sprint0.Task3.V0.Lib", "Tyuiu.MolodchikovEE.Sprint0.Task3.V0.Lib\Tyuiu.MolodchikovEE.Sprint0.Task3.V0.Lib.csproj", "{106CDA29-7D32-488F-BEE3-FA1627865D7E}"
EndProject
Project("{FAE04EC0-301F-11D3-BF4B-00C04F79EFBC}") = "Tyuiu.MolodchikovEE.Sprint0.Task3.V0.Test", "Tyuiu.MolodchikovEE.Sprint0.Task3.V0.Test\Tyuiu.MolodchikovEE.Sprint0.Task3.V0.Test.csproj", "{0B69CA4F-E54A-4F40-BA98-1C70B8A88123}"
EndProject
Project("{2150E333-8FDC-42A3-9474-1A3956D46DE8}") = "Task4", "Task4", "{1779DD96-BDBE-4827-943F-24915B7A09E9}"
EndProject
Project("{FAE04EC0-301F-11D3-BF4B-00C04F79EFBC}") = "Tyuiu.MolodchikovEE.Sprint0.Task4.V0", "Tyuiu.MolodchikovEE.Sprint0.Task4.V0\Tyuiu.MolodchikovEE.Sprint0.Task4.V0.csproj", "{1FE74204-922C-48C2-803B-0EA1FB24E2D6}"
EndProject
Project("{FAE04EC0-301F-11D3-BF4B-00C04F79EFBC}") = "Tyuiu.MolodchikovEE.Sprint0.Task4.V0.Lib", "Tyuiu.MolodchikovEE.Sprint0.Task4.V0.Lib\Tyuiu.MolodchikovEE.Sprint0.Task4.V0.Lib.csproj", "{B5CC30DF-527A-477B-9B03-A6F81AD586C5}"
EndProject
Project("{FAE04EC0-301F-11D3-BF4B-00C04F79EFBC}") = "Tyuiu.MolodchikovEE.Sprint0.Task4.V0.Test", "Tyuiu.MolodchikovEE.Sprint0.Task4.V0.Test\Tyuiu.MolodchikovEE.Sprint0.Task4.V0.Test.csproj", "{C8506A70-E19F-4440-9677-2E20CC2A98F1}"
EndProject
Project("{2150E333-8FDC-42A3-9474-1A3956D46DE8}") = "Task5", "Task5", "{D69396B8-B97B-45D8-9892-2E2020D0EF8A}"
EndProject
Project("{FAE04EC0-301F-11D3-BF4B-00C04F79EFBC}") = "Tyuiu.MolodchikovEE.Sprint0.Task5.V0", "Tyuiu.MolodchikovEE.Sprint0.Task5.V0\Tyuiu.MolodchikovEE.Sprint0.Task5.V0.csproj", "{5F392B36-F802-43E3-A204-5455E82B8633}"
EndProject
Project("{FAE04EC0-301F-11D3-BF4B-00C04F79EFBC}") = "Tyuiu.MolodchikovEE.Sprint0.Task5.V0.Lib", "Tyuiu.MolodchikovEE.Sprint0.Task5.V0.Lib\Tyuiu.MolodchikovEE.Sprint0.Task5.V0.Lib.csproj", "{06F79946-99CB-4154-8834-9F9DA55E4A47}"
EndProject
Project("{FAE04EC0-301F-11D3-BF4B-00C04F79EFBC}") = "Tyuiu.MolodchikovEE.Sprint0.Task5.V0.Test", "Tyuiu.MolodchikovEE.Sprint0.Task5.V0.Test\Tyuiu.MolodchikovEE.Sprint0.Task5.V0.Test.csproj", "{8A7D714E-6667-410F-9CA2-F554F3555575}"
EndProject
Global
	GlobalSection(SolutionConfigurationPlatforms) = preSolution
		Debug|Any CPU = Debug|Any CPU
		Release|Any CPU = Release|Any CPU
	EndGlobalSection
	GlobalSection(ProjectConfigurationPlatforms) = postSolution
		{B229088E-8C71-4A1D-9081-128BE9D80D31}.Debug|Any CPU.ActiveCfg = Debug|Any CPU
		{B229088E-8C71-4A1D-9081-128BE9D80D31}.Debug|Any CPU.Build.0 = Debug|Any CPU
		{B229088E-8C71-4A1D-9081-128BE9D80D31}.Release|Any CPU.ActiveCfg = Release|Any CPU
		{B229088E-8C71-4A1D-9081-128BE9D80D31}.Release|Any CPU.Build.0 = Release|Any CPU
		{84F3011D-2D8A-4CE3-ABD6-59EEA3F65489}.Debug|Any CPU.ActiveCfg = Debug|Any CPU
		{84F3011D-2D8A-4CE3-ABD6-59EEA3F65489}.Debug|Any CPU.Build.0 = Debug|Any CPU
		{84F3011D-2D8A-4CE3-ABD6-59EEA3F65489}.Release|Any CPU.ActiveCfg = Release|Any CPU
		{84F3011D-2D8A-4CE3-ABD6-59EEA3F65489}.Release|Any CPU.Build.0 = Release|Any CPU
		{594477A9-055B-4845-ACEE-08CCCDFB432B}.Debug|Any CPU.ActiveCfg = Debug|Any CPU
		{594477A9-055B-4845-ACEE-08CCCDFB432B}.Debug|Any CPU.Build.0 = Debug|Any CPU
		{594477A9-055B-4845-ACEE-08CCCDFB432B}.Release|Any CPU.ActiveCfg = Release|Any CPU
		{594477A9-055B-4845-ACEE-08CCCDFB432B}.Release|Any CPU.Build.0 = Release|Any CPU
		{E0944886-8140-4B63-8070-7D02B972B366}.Debug|Any CPU.ActiveCfg = Debug|Any CPU
		{E0944886-8140-4B63-8070-7D02B972B366}.Debug|Any CPU.Build.0 = Debug|Any CPU
		{E0944886-8140-4B63-8070-7D02B972B366}.Release|Any CPU.ActiveCfg = Release|Any CPU
		{E0944886-8140-4B63-8070-7D02B972B366}.Release|Any CPU.Build.0 = Release|Any CPU
		{0DDFC6D7-CFBD-414C-AA80-FB768D8AAB39}.Debug|Any CPU.ActiveCfg = Debug|Any CPU
		{0DDFC6D7-CFBD-414C-AA80-FB768D8AAB39}.Debug|Any CPU.Build.0 = Debug|Any CPU
		{0DDFC6D7-CFBD-414C-AA80-FB768D8AAB39}.Release|Any CPU.ActiveCfg = Release|Any CPU
		{0DDFC6D7-CFBD-414C-AA80-FB768D8AAB39}.Release|Any CPU.Build.0 = Release|Any CPU
		{B7BE8969-6FDD-480F-ACBB-460388FEA408}.Debug|Any CPU.ActiveCfg = Debug|Any CPU
		{B7BE8969-6FDD-480F-ACBB-460388FEA408}.Debug|Any CPU.Build.0 = Debug|Any CPU
		{B7BE8969-6FDD-480F-ACBB-460388FEA408}.Release|Any CPU.ActiveCfg = Release|Any CPU
		{B7BE8969-6FDD-480F-ACBB-460388FEA408}.Release|Any CPU.Build.0 = Release|Any CPU
		{106CDA29-7D32-488F-BEE3-FA1627865D7E}.Debug|Any CPU.ActiveCfg = Debug|Any CPU
		{106CDA29-7D32-488F-BEE3-FA1627865D7E}.Debug|Any CPU.Build.0 = Debug|Any CPU
		{106CDA29-7D32-488F-BEE3-FA1627865D7E}.Release|Any CPU.ActiveCfg = Release|Any CPU
		{106CDA29-7D32-488F-BEE3-FA1627865D7E}.Release|Any CPU.Build.0 = Release|Any CPU
		{0B69CA4F-E54A-4F40-BA98-1C70B8A88123}.Debug|Any CPU.ActiveCfg = Debug|Any CPU
		{0B69CA4F-E54A-4F40-BA98-1C70B8A88123}.Debug|Any CPU.Build.0 = Debug|Any CPU
		{0B69CA4F-E54A-4F40-BA98-1C70B8A88123}.Release|Any CPU.ActiveCfg = Release|Any CPU
		{0B69CA4F-E54A-4F40-BA98-1C70B8A88123}.Release|Any CPU.Build.0 = Release|Any CPU
		{1FE74204-922C-48C2-803B-0EA1FB24E2D6}.Debug|Any CPU.ActiveCfg = Debug|Any CPU
		{1FE74204-922C-48C2-803B-0EA1FB24E2D6}.Debug|Any CPU.Build.0 = Debug|Any CPU
		{1FE74204-922C-48C2-803B-0EA1FB24E2D6}.Release|Any CPU.ActiveCfg = Release|Any CPU
		{1FE74204-922C-48C2-803B-0EA1FB24E2D6}.Release|Any CPU.Build.0 = Release|Any CPU
		{B5CC30DF-527A-477B-9B03-A6F81AD586C5}.Debug|Any CPU.ActiveCfg = Debug|Any CPU
		{B5CC30DF-527A-477B-9B03-A6F81AD586C5}.Debug|Any CPU.Build.0 = Debug|Any CPU
		{B5CC30DF-527A-477B-9B03-A6F81AD586C5}.Release|Any CPU.ActiveCfg = Release|Any CPU
		{B5CC30DF-527A-477B-9B03-A6F81AD586C5}.Release|Any CPU.Build.0 = Release|Any CPU
		{C8506A70-E19F-4440-9677-2E20CC2A98F1}.Debug|Any CPU.ActiveCfg = Debug|Any CPU
		{C8506A70-E19F-4440-9677-2E20CC2A98F1}.Debug|Any CPU.Build.0 = Debug|Any CPU
		{C8506A70-E19F-4440-9677-2E20CC2A98F1}.Release|Any CPU.ActiveCfg = Release|Any CPU
		{C8506A70-E19F-4440-9677-2E20CC2A98F1}.Release|Any CPU.Build.0 = Release|Any CPU
		{5F392B36-F802-43E3-A204-5455E82B8633}.Debug|Any CPU.ActiveCfg = Debug|Any CPU
		{5F392B36-F802-43E3-A204-5455E82B8633}.Debug|Any CPU.Build.0 = Debug|Any CPU
		{5F392B36-F802-43E3-A204-5455E82B8633}.Release|Any CPU.ActiveCfg = Release|Any CPU
		{5F392B36-F802-43E3-A204-5455E82B8633}.Release|Any CPU.Build.0 = Release|Any CPU
		{06F79946-99CB-4154-8834-9F9DA55E4A47}.Debug|Any CPU.ActiveCfg = Debug|Any CPU
		{06F79946-99CB-4154-8834-9F9DA55E4A47}.Debug|Any CPU.Build.0 = Debug|Any CPU
		{06F79946-99CB-4154-8834-9F9DA55E4A47}.Release|Any CPU.ActiveCfg = Release|Any CPU
		{06F79946-99CB-4154-8834-9F9DA55E4A47}.Release|Any CPU.Build.0 = Release|Any CPU
		{8A7D714E-6667-410F-9CA2-F554F3555575}.Debug|Any CPU.ActiveCfg = Debug|Any CPU
		{8A7D714E-6667-410F-9CA2-F554F3555575}.Debug|Any CPU.Build.0 = Debug|Any CPU
		{8A7D714E-6667-410F-9CA2-F554F3555575}.Release|Any CPU.ActiveCfg = Release|Any CPU
		{8A7D714E-6667-410F-9CA2-F554F3555575}.Release|Any CPU.Build.0 = Release|Any CPU
	EndGlobalSection
	GlobalSection(SolutionProperties) = preSolution
		HideSolutionNode = FALSE
	EndGlobalSection
	GlobalSection(NestedProjects) = preSolution
		{B229088E-8C71-4A1D-9081-128BE9D80D31} = {9D13E4FD-7A07-4A8E-88FF-51F8E1A7F550}
		{84F3011D-2D8A-4CE3-ABD6-59EEA3F65489} = {5998B092-76B5-4E68-9CF5-1923C1603B9E}
		{594477A9-055B-4845-ACEE-08CCCDFB432B} = {7CFB8897-BF0D-4EEE-B818-1ADEB4D7729A}
		{E0944886-8140-4B63-8070-7D02B972B366} = {7CFB8897-BF0D-4EEE-B818-1ADEB4D7729A}
		{0DDFC6D7-CFBD-414C-AA80-FB768D8AAB39} = {7CFB8897-BF0D-4EEE-B818-1ADEB4D7729A}
		{B7BE8969-6FDD-480F-ACBB-460388FEA408} = {7037B1F0-5E69-43DE-A717-CF9BCB295832}
		{106CDA29-7D32-488F-BEE3-FA1627865D7E} = {7037B1F0-5E69-43DE-A717-CF9BCB295832}
		{0B69CA4F-E54A-4F40-BA98-1C70B8A88123} = {7037B1F0-5E69-43DE-A717-CF9BCB295832}
		{1FE74204-922C-48C2-803B-0EA1FB24E2D6} = {1779DD96-BDBE-4827-943F-24915B7A09E9}
		{B5CC30DF-527A-477B-9B03-A6F81AD586C5} = {1779DD96-BDBE-4827-943F-24915B7A09E9}
		{C8506A70-E19F-4440-9677-2E20CC2A98F1} = {1779DD96-BDBE-4827-943F-24915B7A09E9}
		{5F392B36-F802-43E3-A204-5455E82B8633} = {D69396B8-B97B-45D8-9892-2E2020D0EF8A}
		{06F79946-99CB-4154-8834-9F9DA55E4A47} = {D69396B8-B97B-45D8-9892-2E2020D0EF8A}
		{8A7D714E-6667-410F-9CA2-F554F3555575} = {D69396B8-B97B-45D8-9892-2E2020D0EF8A}
	EndGlobalSection
	GlobalSection(ExtensibilityGlobals) = postSolution
		SolutionGuid = {D4E581CA-EB70-4867-8FE0-E61384A9696B}
	EndGlobalSection
EndGlobal
