
Microsoft Visual Studio Solution File, Format Version 12.00
# Visual Studio Version 17
VisualStudioVersion = 17.11.35222.181
MinimumVisualStudioVersion = 10.0.40219.1
Project("{2150E333-8FDC-42A3-9474-1A3956D46DE8}") = "Task0", "Task0", "{9D13E4FD-7A07-4A8E-88FF-51F8E1A7F550}"
EndProject
Project("{FAE04EC0-301F-11D3-BF4B-00C04F79EFBC}") = "Tyuiu.MolodchikovEE.Sprint0.Task0.V1", "Tyuiu.MolodchikovEE.Sprint0.Task0.V1\Tyuiu.MolodchikovEE.Sprint0.Task0.V1.csproj", "{B229088E-8C71-4A1D-9081-128BE9D80D31}"
EndProject
Global
	GlobalSection(SolutionConfigurationPlatforms) = preSolution
		Debug|Any CPU = Debug|Any CPU
		Release|Any CPU = Release|Any CPU
	EndGlobalSection
	GlobalSection(ProjectConfigurationPlatforms) = postSolution
		{B229088E-8C71-4A1D-9081-128BE9D80D31}.Debug|Any CPU.ActiveCfg = Debug|Any CPU
		{B229088E-8C71-4A1D-9081-128BE9D80D31}.Debug|Any CPU.Build.0 = Debug|Any CPU
		{B229088E-8C71-4A1D-9081-128BE9D80D31}.Release|Any CPU.ActiveCfg = Release|Any CPU
		{B229088E-8C71-4A1D-9081-128BE9D80D31}.Release|Any CPU.Build.0 = Release|Any CPU
	EndGlobalSection
	GlobalSection(SolutionProperties) = preSolution
		HideSolutionNode = FALSE
	EndGlobalSection
	GlobalSection(NestedProjects) = preSolution
		{B229088E-8C71-4A1D-9081-128BE9D80D31} = {9D13E4FD-7A07-4A8E-88FF-51F8E1A7F550}
	EndGlobalSection
	GlobalSection(ExtensibilityGlobals) = postSolution
		SolutionGuid = {D4E581CA-EB70-4867-8FE0-E61384A9696B}
	EndGlobalSection
EndGlobal
